
Microsoft Visual Studio Solution File, Format Version 12.00
# Visual Studio 15
VisualStudioVersion = 15.0.28307.438
MinimumVisualStudioVersion = 10.0.40219.1
Project("{FAE04EC0-301F-11D3-BF4B-00C04F79EFBC}") = "Lab1.Android", "Lab1\Lab1.Android\Lab1.Android.csproj", "{078CAA81-2F82-425F-A6DD-24035536F630}"
EndProject
Project("{FAE04EC0-301F-11D3-BF4B-00C04F79EFBC}") = "Lab1", "Lab1\Lab1\Lab1.csproj", "{3F1D7491-B731-418B-A17B-0D32A4F4C22C}"
EndProject
Global
	GlobalSection(SolutionConfigurationPlatforms) = preSolution
		Debug|Any CPU = Debug|Any CPU
		Release|Any CPU = Release|Any CPU
	EndGlobalSection
	GlobalSection(ProjectConfigurationPlatforms) = postSolution
		{078CAA81-2F82-425F-A6DD-24035536F630}.Debug|Any CPU.ActiveCfg = Debug|Any CPU
		{078CAA81-2F82-425F-A6DD-24035536F630}.Debug|Any CPU.Build.0 = Debug|Any CPU
		{078CAA81-2F82-425F-A6DD-24035536F630}.Debug|Any CPU.Deploy.0 = Debug|Any CPU
		{078CAA81-2F82-425F-A6DD-24035536F630}.Release|Any CPU.ActiveCfg = Release|Any CPU
		{078CAA81-2F82-425F-A6DD-24035536F630}.Release|Any CPU.Build.0 = Release|Any CPU
		{078CAA81-2F82-425F-A6DD-24035536F630}.Release|Any CPU.Deploy.0 = Release|Any CPU
		{3F1D7491-B731-418B-A17B-0D32A4F4C22C}.Debug|Any CPU.ActiveCfg = Debug|Any CPU
		{3F1D7491-B731-418B-A17B-0D32A4F4C22C}.Debug|Any CPU.Build.0 = Debug|Any CPU
		{3F1D7491-B731-418B-A17B-0D32A4F4C22C}.Release|Any CPU.ActiveCfg = Release|Any CPU
		{3F1D7491-B731-418B-A17B-0D32A4F4C22C}.Release|Any CPU.Build.0 = Release|Any CPU
	EndGlobalSection
	GlobalSection(SolutionProperties) = preSolution
		HideSolutionNode = FALSE
	EndGlobalSection
	GlobalSection(ExtensibilityGlobals) = postSolution
		SolutionGuid = {9758C5B2-2C41-4168-8A0C-D1DD3AE24EEF}
	EndGlobalSection
EndGlobal
